
Microsoft Visual Studio Solution File, Format Version 12.00
# Visual Studio Version 17
VisualStudioVersion = 17.1.32407.343
MinimumVisualStudioVersion = 10.0.40219.1
Project("{8BC9CEB8-8B4A-11D0-8D11-00A0C91BC942}") = "P1003 [NOIP2011 提高组] 铺地毯", "P1003 [NOIP2011 提高组] 铺地毯\P1003 [NOIP2011 提高组] 铺地毯.vcxproj", "{FBE72C19-8A24-4357-8AF8-3E3CC44A3F3C}"
EndProject
Global
	GlobalSection(SolutionConfigurationPlatforms) = preSolution
		Debug|x64 = Debug|x64
		Debug|x86 = Debug|x86
		Release|x64 = Release|x64
		Release|x86 = Release|x86
	EndGlobalSection
	GlobalSection(ProjectConfigurationPlatforms) = postSolution
		{FBE72C19-8A24-4357-8AF8-3E3CC44A3F3C}.Debug|x64.ActiveCfg = Debug|x64
		{FBE72C19-8A24-4357-8AF8-3E3CC44A3F3C}.Debug|x64.Build.0 = Debug|x64
		{FBE72C19-8A24-4357-8AF8-3E3CC44A3F3C}.Debug|x86.ActiveCfg = Debug|Win32
		{FBE72C19-8A24-4357-8AF8-3E3CC44A3F3C}.Debug|x86.Build.0 = Debug|Win32
		{FBE72C19-8A24-4357-8AF8-3E3CC44A3F3C}.Release|x64.ActiveCfg = Release|x64
		{FBE72C19-8A24-4357-8AF8-3E3CC44A3F3C}.Release|x64.Build.0 = Release|x64
		{FBE72C19-8A24-4357-8AF8-3E3CC44A3F3C}.Release|x86.ActiveCfg = Release|Win32
		{FBE72C19-8A24-4357-8AF8-3E3CC44A3F3C}.Release|x86.Build.0 = Release|Win32
	EndGlobalSection
	GlobalSection(SolutionProperties) = preSolution
		HideSolutionNode = FALSE
	EndGlobalSection
	GlobalSection(ExtensibilityGlobals) = postSolution
		SolutionGuid = {E389866F-B484-48C5-A5C1-4E274B9A5C83}
	EndGlobalSection
EndGlobal
