
Microsoft Visual Studio Solution File, Format Version 12.00
# Visual Studio Version 17
VisualStudioVersion = 17.2.32526.322
MinimumVisualStudioVersion = 10.0.40219.1
Project("{8BC9CEB8-8B4A-11D0-8D11-00A0C91BC942}") = "P1786 帮贡排序", "P1786 帮贡排序\P1786 帮贡排序.vcxproj", "{B85A26BF-588B-40EE-9DCC-E29AF7B82168}"
EndProject
Global
	GlobalSection(SolutionConfigurationPlatforms) = preSolution
		Debug|x64 = Debug|x64
		Debug|x86 = Debug|x86
		Release|x64 = Release|x64
		Release|x86 = Release|x86
	EndGlobalSection
	GlobalSection(ProjectConfigurationPlatforms) = postSolution
		{B85A26BF-588B-40EE-9DCC-E29AF7B82168}.Debug|x64.ActiveCfg = Debug|x64
		{B85A26BF-588B-40EE-9DCC-E29AF7B82168}.Debug|x64.Build.0 = Debug|x64
		{B85A26BF-588B-40EE-9DCC-E29AF7B82168}.Debug|x86.ActiveCfg = Debug|Win32
		{B85A26BF-588B-40EE-9DCC-E29AF7B82168}.Debug|x86.Build.0 = Debug|Win32
		{B85A26BF-588B-40EE-9DCC-E29AF7B82168}.Release|x64.ActiveCfg = Release|x64
		{B85A26BF-588B-40EE-9DCC-E29AF7B82168}.Release|x64.Build.0 = Release|x64
		{B85A26BF-588B-40EE-9DCC-E29AF7B82168}.Release|x86.ActiveCfg = Release|Win32
		{B85A26BF-588B-40EE-9DCC-E29AF7B82168}.Release|x86.Build.0 = Release|Win32
	EndGlobalSection
	GlobalSection(SolutionProperties) = preSolution
		HideSolutionNode = FALSE
	EndGlobalSection
	GlobalSection(ExtensibilityGlobals) = postSolution
		SolutionGuid = {754219F0-D1B2-4A10-9626-76F7507D7A61}
	EndGlobalSection
EndGlobal
