
Microsoft Visual Studio Solution File, Format Version 12.00
# Visual Studio Version 17
VisualStudioVersion = 17.1.32421.90
MinimumVisualStudioVersion = 10.0.40219.1
Project("{8BC9CEB8-8B4A-11D0-8D11-00A0C91BC942}") = "P5737 【深基7.例3】闰年展示", "P5737 【深基7.例3】闰年展示\P5737 【深基7.例3】闰年展示.vcxproj", "{225698E6-CB57-44ED-9459-1C45D90756EC}"
EndProject
Global
	GlobalSection(SolutionConfigurationPlatforms) = preSolution
		Debug|x64 = Debug|x64
		Debug|x86 = Debug|x86
		Release|x64 = Release|x64
		Release|x86 = Release|x86
	EndGlobalSection
	GlobalSection(ProjectConfigurationPlatforms) = postSolution
		{225698E6-CB57-44ED-9459-1C45D90756EC}.Debug|x64.ActiveCfg = Debug|x64
		{225698E6-CB57-44ED-9459-1C45D90756EC}.Debug|x64.Build.0 = Debug|x64
		{225698E6-CB57-44ED-9459-1C45D90756EC}.Debug|x86.ActiveCfg = Debug|Win32
		{225698E6-CB57-44ED-9459-1C45D90756EC}.Debug|x86.Build.0 = Debug|Win32
		{225698E6-CB57-44ED-9459-1C45D90756EC}.Release|x64.ActiveCfg = Release|x64
		{225698E6-CB57-44ED-9459-1C45D90756EC}.Release|x64.Build.0 = Release|x64
		{225698E6-CB57-44ED-9459-1C45D90756EC}.Release|x86.ActiveCfg = Release|Win32
		{225698E6-CB57-44ED-9459-1C45D90756EC}.Release|x86.Build.0 = Release|Win32
	EndGlobalSection
	GlobalSection(SolutionProperties) = preSolution
		HideSolutionNode = FALSE
	EndGlobalSection
	GlobalSection(ExtensibilityGlobals) = postSolution
		SolutionGuid = {C089C271-5621-42BD-88B2-9055DF469595}
	EndGlobalSection
EndGlobal
