
Microsoft Visual Studio Solution File, Format Version 12.00
# Visual Studio Version 17
VisualStudioVersion = 17.1.32407.343
MinimumVisualStudioVersion = 10.0.40219.1
Project("{8BC9CEB8-8B4A-11D0-8D11-00A0C91BC942}") = "P5704 【深基2.例6】字母转换", "P5704 【深基2.例6】字母转换\P5704 【深基2.例6】字母转换.vcxproj", "{619646ED-4451-4A0F-909D-945895B28314}"
EndProject
Global
	GlobalSection(SolutionConfigurationPlatforms) = preSolution
		Debug|x64 = Debug|x64
		Debug|x86 = Debug|x86
		Release|x64 = Release|x64
		Release|x86 = Release|x86
	EndGlobalSection
	GlobalSection(ProjectConfigurationPlatforms) = postSolution
		{619646ED-4451-4A0F-909D-945895B28314}.Debug|x64.ActiveCfg = Debug|x64
		{619646ED-4451-4A0F-909D-945895B28314}.Debug|x64.Build.0 = Debug|x64
		{619646ED-4451-4A0F-909D-945895B28314}.Debug|x86.ActiveCfg = Debug|Win32
		{619646ED-4451-4A0F-909D-945895B28314}.Debug|x86.Build.0 = Debug|Win32
		{619646ED-4451-4A0F-909D-945895B28314}.Release|x64.ActiveCfg = Release|x64
		{619646ED-4451-4A0F-909D-945895B28314}.Release|x64.Build.0 = Release|x64
		{619646ED-4451-4A0F-909D-945895B28314}.Release|x86.ActiveCfg = Release|Win32
		{619646ED-4451-4A0F-909D-945895B28314}.Release|x86.Build.0 = Release|Win32
	EndGlobalSection
	GlobalSection(SolutionProperties) = preSolution
		HideSolutionNode = FALSE
	EndGlobalSection
	GlobalSection(ExtensibilityGlobals) = postSolution
		SolutionGuid = {A236750B-DCB6-4767-915E-78C31C10CD2A}
	EndGlobalSection
EndGlobal
