
Microsoft Visual Studio Solution File, Format Version 12.00
# Visual Studio Version 17
VisualStudioVersion = 17.1.32414.318
MinimumVisualStudioVersion = 10.0.40219.1
Project("{8BC9CEB8-8B4A-11D0-8D11-00A0C91BC942}") = "P5722 【深基4.例11】数列求和", "P5722 【深基4.例11】数列求和\P5722 【深基4.例11】数列求和.vcxproj", "{24C0C940-D1E8-43CD-81A3-B73D37416177}"
EndProject
Global
	GlobalSection(SolutionConfigurationPlatforms) = preSolution
		Debug|x64 = Debug|x64
		Debug|x86 = Debug|x86
		Release|x64 = Release|x64
		Release|x86 = Release|x86
	EndGlobalSection
	GlobalSection(ProjectConfigurationPlatforms) = postSolution
		{24C0C940-D1E8-43CD-81A3-B73D37416177}.Debug|x64.ActiveCfg = Debug|x64
		{24C0C940-D1E8-43CD-81A3-B73D37416177}.Debug|x64.Build.0 = Debug|x64
		{24C0C940-D1E8-43CD-81A3-B73D37416177}.Debug|x86.ActiveCfg = Debug|Win32
		{24C0C940-D1E8-43CD-81A3-B73D37416177}.Debug|x86.Build.0 = Debug|Win32
		{24C0C940-D1E8-43CD-81A3-B73D37416177}.Release|x64.ActiveCfg = Release|x64
		{24C0C940-D1E8-43CD-81A3-B73D37416177}.Release|x64.Build.0 = Release|x64
		{24C0C940-D1E8-43CD-81A3-B73D37416177}.Release|x86.ActiveCfg = Release|Win32
		{24C0C940-D1E8-43CD-81A3-B73D37416177}.Release|x86.Build.0 = Release|Win32
	EndGlobalSection
	GlobalSection(SolutionProperties) = preSolution
		HideSolutionNode = FALSE
	EndGlobalSection
	GlobalSection(ExtensibilityGlobals) = postSolution
		SolutionGuid = {A1D98E68-4E12-4911-A978-ED8973426FBB}
	EndGlobalSection
EndGlobal
