
Microsoft Visual Studio Solution File, Format Version 12.00
# Visual Studio Version 17
VisualStudioVersion = 17.2.32616.157
MinimumVisualStudioVersion = 10.0.40219.1
Project("{8BC9CEB8-8B4A-11D0-8D11-00A0C91BC942}") = "P1996 约瑟夫问题", "P1996 约瑟夫问题\P1996 约瑟夫问题.vcxproj", "{FE4BA5D4-7085-495A-BAD0-A14B7A8C2228}"
EndProject
Global
	GlobalSection(SolutionConfigurationPlatforms) = preSolution
		Debug|x64 = Debug|x64
		Debug|x86 = Debug|x86
		Release|x64 = Release|x64
		Release|x86 = Release|x86
	EndGlobalSection
	GlobalSection(ProjectConfigurationPlatforms) = postSolution
		{FE4BA5D4-7085-495A-BAD0-A14B7A8C2228}.Debug|x64.ActiveCfg = Debug|x64
		{FE4BA5D4-7085-495A-BAD0-A14B7A8C2228}.Debug|x64.Build.0 = Debug|x64
		{FE4BA5D4-7085-495A-BAD0-A14B7A8C2228}.Debug|x86.ActiveCfg = Debug|Win32
		{FE4BA5D4-7085-495A-BAD0-A14B7A8C2228}.Debug|x86.Build.0 = Debug|Win32
		{FE4BA5D4-7085-495A-BAD0-A14B7A8C2228}.Release|x64.ActiveCfg = Release|x64
		{FE4BA5D4-7085-495A-BAD0-A14B7A8C2228}.Release|x64.Build.0 = Release|x64
		{FE4BA5D4-7085-495A-BAD0-A14B7A8C2228}.Release|x86.ActiveCfg = Release|Win32
		{FE4BA5D4-7085-495A-BAD0-A14B7A8C2228}.Release|x86.Build.0 = Release|Win32
	EndGlobalSection
	GlobalSection(SolutionProperties) = preSolution
		HideSolutionNode = FALSE
	EndGlobalSection
	GlobalSection(ExtensibilityGlobals) = postSolution
		SolutionGuid = {65F1D973-0D10-4176-B600-0E687C969140}
	EndGlobalSection
EndGlobal
