
Microsoft Visual Studio Solution File, Format Version 12.00
# Visual Studio Version 17
VisualStudioVersion = 17.1.32414.318
MinimumVisualStudioVersion = 10.0.40219.1
Project("{8BC9CEB8-8B4A-11D0-8D11-00A0C91BC942}") = "P5724 【深基4.习5】求极差  最大跨度值", "P5724 【深基4.习5】求极差  最大跨度值\P5724 【深基4.习5】求极差  最大跨度值.vcxproj", "{6DB8EB2F-C84A-4A06-B1DB-A25411271141}"
EndProject
Global
	GlobalSection(SolutionConfigurationPlatforms) = preSolution
		Debug|x64 = Debug|x64
		Debug|x86 = Debug|x86
		Release|x64 = Release|x64
		Release|x86 = Release|x86
	EndGlobalSection
	GlobalSection(ProjectConfigurationPlatforms) = postSolution
		{6DB8EB2F-C84A-4A06-B1DB-A25411271141}.Debug|x64.ActiveCfg = Debug|x64
		{6DB8EB2F-C84A-4A06-B1DB-A25411271141}.Debug|x64.Build.0 = Debug|x64
		{6DB8EB2F-C84A-4A06-B1DB-A25411271141}.Debug|x86.ActiveCfg = Debug|Win32
		{6DB8EB2F-C84A-4A06-B1DB-A25411271141}.Debug|x86.Build.0 = Debug|Win32
		{6DB8EB2F-C84A-4A06-B1DB-A25411271141}.Release|x64.ActiveCfg = Release|x64
		{6DB8EB2F-C84A-4A06-B1DB-A25411271141}.Release|x64.Build.0 = Release|x64
		{6DB8EB2F-C84A-4A06-B1DB-A25411271141}.Release|x86.ActiveCfg = Release|Win32
		{6DB8EB2F-C84A-4A06-B1DB-A25411271141}.Release|x86.Build.0 = Release|Win32
	EndGlobalSection
	GlobalSection(SolutionProperties) = preSolution
		HideSolutionNode = FALSE
	EndGlobalSection
	GlobalSection(ExtensibilityGlobals) = postSolution
		SolutionGuid = {ADFA8183-8AD9-4C6F-A2B1-DAD1E66E3C68}
	EndGlobalSection
EndGlobal
