
Microsoft Visual Studio Solution File, Format Version 12.00
# Visual Studio Version 17
VisualStudioVersion = 17.1.32414.318
MinimumVisualStudioVersion = 10.0.40219.1
Project("{8BC9CEB8-8B4A-11D0-8D11-00A0C91BC942}") = "P1909 [NOIP2016 普及组] 买铅笔", "P1909 [NOIP2016 普及组] 买铅笔\P1909 [NOIP2016 普及组] 买铅笔.vcxproj", "{FC42E17A-BC75-49EC-B694-5DE64D4ED9D2}"
EndProject
Global
	GlobalSection(SolutionConfigurationPlatforms) = preSolution
		Debug|x64 = Debug|x64
		Debug|x86 = Debug|x86
		Release|x64 = Release|x64
		Release|x86 = Release|x86
	EndGlobalSection
	GlobalSection(ProjectConfigurationPlatforms) = postSolution
		{FC42E17A-BC75-49EC-B694-5DE64D4ED9D2}.Debug|x64.ActiveCfg = Debug|x64
		{FC42E17A-BC75-49EC-B694-5DE64D4ED9D2}.Debug|x64.Build.0 = Debug|x64
		{FC42E17A-BC75-49EC-B694-5DE64D4ED9D2}.Debug|x86.ActiveCfg = Debug|Win32
		{FC42E17A-BC75-49EC-B694-5DE64D4ED9D2}.Debug|x86.Build.0 = Debug|Win32
		{FC42E17A-BC75-49EC-B694-5DE64D4ED9D2}.Release|x64.ActiveCfg = Release|x64
		{FC42E17A-BC75-49EC-B694-5DE64D4ED9D2}.Release|x64.Build.0 = Release|x64
		{FC42E17A-BC75-49EC-B694-5DE64D4ED9D2}.Release|x86.ActiveCfg = Release|Win32
		{FC42E17A-BC75-49EC-B694-5DE64D4ED9D2}.Release|x86.Build.0 = Release|Win32
	EndGlobalSection
	GlobalSection(SolutionProperties) = preSolution
		HideSolutionNode = FALSE
	EndGlobalSection
	GlobalSection(ExtensibilityGlobals) = postSolution
		SolutionGuid = {CCC604BD-2FC3-433A-BC90-1E9136EE17B9}
	EndGlobalSection
EndGlobal
