
Microsoft Visual Studio Solution File, Format Version 12.00
# Visual Studio Version 17
VisualStudioVersion = 17.1.32414.318
MinimumVisualStudioVersion = 10.0.40219.1
Project("{8BC9CEB8-8B4A-11D0-8D11-00A0C91BC942}") = "P5726 【深基4.习9】打分", "P5726 【深基4.习9】打分\P5726 【深基4.习9】打分.vcxproj", "{058331EF-794A-4762-94F3-70C66941B921}"
EndProject
Global
	GlobalSection(SolutionConfigurationPlatforms) = preSolution
		Debug|x64 = Debug|x64
		Debug|x86 = Debug|x86
		Release|x64 = Release|x64
		Release|x86 = Release|x86
	EndGlobalSection
	GlobalSection(ProjectConfigurationPlatforms) = postSolution
		{058331EF-794A-4762-94F3-70C66941B921}.Debug|x64.ActiveCfg = Debug|x64
		{058331EF-794A-4762-94F3-70C66941B921}.Debug|x64.Build.0 = Debug|x64
		{058331EF-794A-4762-94F3-70C66941B921}.Debug|x86.ActiveCfg = Debug|Win32
		{058331EF-794A-4762-94F3-70C66941B921}.Debug|x86.Build.0 = Debug|Win32
		{058331EF-794A-4762-94F3-70C66941B921}.Release|x64.ActiveCfg = Release|x64
		{058331EF-794A-4762-94F3-70C66941B921}.Release|x64.Build.0 = Release|x64
		{058331EF-794A-4762-94F3-70C66941B921}.Release|x86.ActiveCfg = Release|Win32
		{058331EF-794A-4762-94F3-70C66941B921}.Release|x86.Build.0 = Release|Win32
	EndGlobalSection
	GlobalSection(SolutionProperties) = preSolution
		HideSolutionNode = FALSE
	EndGlobalSection
	GlobalSection(ExtensibilityGlobals) = postSolution
		SolutionGuid = {3D36950B-350F-406D-840F-7BB4FD6657AA}
	EndGlobalSection
EndGlobal
