
Microsoft Visual Studio Solution File, Format Version 12.00
# Visual Studio Version 17
VisualStudioVersion = 17.1.32421.90
MinimumVisualStudioVersion = 10.0.40219.1
Project("{8BC9CEB8-8B4A-11D0-8D11-00A0C91BC942}") = "P1200 [USACO1.1]你的飞碟在这儿Your Ride Is Here", "P1200 [USACO1.1]你的飞碟在这儿Your Ride Is Here\P1200 [USACO1.1]你的飞碟在这儿Your Ride Is Here.vcxproj", "{C552D6A6-CBA3-4F39-9019-012BFAE50C3B}"
EndProject
Global
	GlobalSection(SolutionConfigurationPlatforms) = preSolution
		Debug|x64 = Debug|x64
		Debug|x86 = Debug|x86
		Release|x64 = Release|x64
		Release|x86 = Release|x86
	EndGlobalSection
	GlobalSection(ProjectConfigurationPlatforms) = postSolution
		{C552D6A6-CBA3-4F39-9019-012BFAE50C3B}.Debug|x64.ActiveCfg = Debug|x64
		{C552D6A6-CBA3-4F39-9019-012BFAE50C3B}.Debug|x64.Build.0 = Debug|x64
		{C552D6A6-CBA3-4F39-9019-012BFAE50C3B}.Debug|x86.ActiveCfg = Debug|Win32
		{C552D6A6-CBA3-4F39-9019-012BFAE50C3B}.Debug|x86.Build.0 = Debug|Win32
		{C552D6A6-CBA3-4F39-9019-012BFAE50C3B}.Release|x64.ActiveCfg = Release|x64
		{C552D6A6-CBA3-4F39-9019-012BFAE50C3B}.Release|x64.Build.0 = Release|x64
		{C552D6A6-CBA3-4F39-9019-012BFAE50C3B}.Release|x86.ActiveCfg = Release|Win32
		{C552D6A6-CBA3-4F39-9019-012BFAE50C3B}.Release|x86.Build.0 = Release|Win32
	EndGlobalSection
	GlobalSection(SolutionProperties) = preSolution
		HideSolutionNode = FALSE
	EndGlobalSection
	GlobalSection(ExtensibilityGlobals) = postSolution
		SolutionGuid = {9850D857-0C12-499B-A571-813F24B215A5}
	EndGlobalSection
EndGlobal
