
Microsoft Visual Studio Solution File, Format Version 12.00
# Visual Studio Version 17
VisualStudioVersion = 17.1.32421.90
MinimumVisualStudioVersion = 10.0.40219.1
Project("{8BC9CEB8-8B4A-11D0-8D11-00A0C91BC942}") = "P1789 【Mc生存】插火把", "P1789 【Mc生存】插火把\P1789 【Mc生存】插火把.vcxproj", "{B474AE32-A670-4B0A-A33D-E2F1C3AE0A61}"
EndProject
Global
	GlobalSection(SolutionConfigurationPlatforms) = preSolution
		Debug|x64 = Debug|x64
		Debug|x86 = Debug|x86
		Release|x64 = Release|x64
		Release|x86 = Release|x86
	EndGlobalSection
	GlobalSection(ProjectConfigurationPlatforms) = postSolution
		{B474AE32-A670-4B0A-A33D-E2F1C3AE0A61}.Debug|x64.ActiveCfg = Debug|x64
		{B474AE32-A670-4B0A-A33D-E2F1C3AE0A61}.Debug|x64.Build.0 = Debug|x64
		{B474AE32-A670-4B0A-A33D-E2F1C3AE0A61}.Debug|x86.ActiveCfg = Debug|Win32
		{B474AE32-A670-4B0A-A33D-E2F1C3AE0A61}.Debug|x86.Build.0 = Debug|Win32
		{B474AE32-A670-4B0A-A33D-E2F1C3AE0A61}.Release|x64.ActiveCfg = Release|x64
		{B474AE32-A670-4B0A-A33D-E2F1C3AE0A61}.Release|x64.Build.0 = Release|x64
		{B474AE32-A670-4B0A-A33D-E2F1C3AE0A61}.Release|x86.ActiveCfg = Release|Win32
		{B474AE32-A670-4B0A-A33D-E2F1C3AE0A61}.Release|x86.Build.0 = Release|Win32
	EndGlobalSection
	GlobalSection(SolutionProperties) = preSolution
		HideSolutionNode = FALSE
	EndGlobalSection
	GlobalSection(ExtensibilityGlobals) = postSolution
		SolutionGuid = {96C3DA06-AB04-4B1A-9B26-5AA1258DE7B3}
	EndGlobalSection
EndGlobal
