
Microsoft Visual Studio Solution File, Format Version 12.00
# Visual Studio Version 17
VisualStudioVersion = 17.1.32421.90
MinimumVisualStudioVersion = 10.0.40219.1
Project("{8BC9CEB8-8B4A-11D0-8D11-00A0C91BC942}") = "P5740 【深基7.例9】最厉害的学生", "P5740 【深基7.例9】最厉害的学生\P5740 【深基7.例9】最厉害的学生.vcxproj", "{32160253-7909-4549-8CD7-955CBA80F00C}"
EndProject
Global
	GlobalSection(SolutionConfigurationPlatforms) = preSolution
		Debug|x64 = Debug|x64
		Debug|x86 = Debug|x86
		Release|x64 = Release|x64
		Release|x86 = Release|x86
	EndGlobalSection
	GlobalSection(ProjectConfigurationPlatforms) = postSolution
		{32160253-7909-4549-8CD7-955CBA80F00C}.Debug|x64.ActiveCfg = Debug|x64
		{32160253-7909-4549-8CD7-955CBA80F00C}.Debug|x64.Build.0 = Debug|x64
		{32160253-7909-4549-8CD7-955CBA80F00C}.Debug|x86.ActiveCfg = Debug|Win32
		{32160253-7909-4549-8CD7-955CBA80F00C}.Debug|x86.Build.0 = Debug|Win32
		{32160253-7909-4549-8CD7-955CBA80F00C}.Release|x64.ActiveCfg = Release|x64
		{32160253-7909-4549-8CD7-955CBA80F00C}.Release|x64.Build.0 = Release|x64
		{32160253-7909-4549-8CD7-955CBA80F00C}.Release|x86.ActiveCfg = Release|Win32
		{32160253-7909-4549-8CD7-955CBA80F00C}.Release|x86.Build.0 = Release|Win32
	EndGlobalSection
	GlobalSection(SolutionProperties) = preSolution
		HideSolutionNode = FALSE
	EndGlobalSection
	GlobalSection(ExtensibilityGlobals) = postSolution
		SolutionGuid = {26A38BAC-16AD-497A-8E59-CE7C8201E359}
	EndGlobalSection
EndGlobal
